
Microsoft Visual Studio Solution File, Format Version 11.00
# Visual Studio 2010
Project("{FAE04EC0-301F-11D3-BF4B-00C04F79EFBC}") = "Assembly-CSharp", "Assembly-CSharp.csproj", "{5614A6DD-EE22-0940-CDA3-31E891CAAE76}"
EndProject
Project("{FAE04EC0-301F-11D3-BF4B-00C04F79EFBC}") = "NavMeshComponents", "NavMeshComponents.csproj", "{AC79E999-25BE-D0F3-A2A2-2AD0A5751E66}"
EndProject
Project("{FAE04EC0-301F-11D3-BF4B-00C04F79EFBC}") = "NavMeshComponentsEditor", "NavMeshComponentsEditor.csproj", "{1B01A981-7B3F-7AA1-62BA-0E9F944DAE13}"
EndProject
Global
	GlobalSection(SolutionConfigurationPlatforms) = preSolution
		Debug|Any CPU = Debug|Any CPU
		Release|Any CPU = Release|Any CPU
	EndGlobalSection
	GlobalSection(ProjectConfigurationPlatforms) = postSolution
		{5614A6DD-EE22-0940-CDA3-31E891CAAE76}.Debug|Any CPU.ActiveCfg = Debug|Any CPU
		{5614A6DD-EE22-0940-CDA3-31E891CAAE76}.Debug|Any CPU.Build.0 = Debug|Any CPU
		{5614A6DD-EE22-0940-CDA3-31E891CAAE76}.Release|Any CPU.ActiveCfg = Release|Any CPU
		{5614A6DD-EE22-0940-CDA3-31E891CAAE76}.Release|Any CPU.Build.0 = Release|Any CPU
		{AC79E999-25BE-D0F3-A2A2-2AD0A5751E66}.Debug|Any CPU.ActiveCfg = Debug|Any CPU
		{AC79E999-25BE-D0F3-A2A2-2AD0A5751E66}.Debug|Any CPU.Build.0 = Debug|Any CPU
		{AC79E999-25BE-D0F3-A2A2-2AD0A5751E66}.Release|Any CPU.ActiveCfg = Release|Any CPU
		{AC79E999-25BE-D0F3-A2A2-2AD0A5751E66}.Release|Any CPU.Build.0 = Release|Any CPU
		{1B01A981-7B3F-7AA1-62BA-0E9F944DAE13}.Debug|Any CPU.ActiveCfg = Debug|Any CPU
		{1B01A981-7B3F-7AA1-62BA-0E9F944DAE13}.Debug|Any CPU.Build.0 = Debug|Any CPU
		{1B01A981-7B3F-7AA1-62BA-0E9F944DAE13}.Release|Any CPU.ActiveCfg = Release|Any CPU
		{1B01A981-7B3F-7AA1-62BA-0E9F944DAE13}.Release|Any CPU.Build.0 = Release|Any CPU
	EndGlobalSection
	GlobalSection(SolutionProperties) = preSolution
		HideSolutionNode = FALSE
	EndGlobalSection
EndGlobal
